// !$*UTF8*$!
{
	archiveVersion = 1;
	classes = {
	};
	objectVersion = 56;
	objects = {

/* Begin PBXBuildFile section */
		333FE19B2A4D9333005E7F7A /* demo2App.swift in Sources */ = {isa = PBXBuildFile; fileRef = 333FE19A2A4D9333005E7F7A /* demo2App.swift */; };
		333FE19D2A4D9333005E7F7A /* ContentView.swift in Sources */ = {isa = PBXBuildFile; fileRef = 333FE19C2A4D9333005E7F7A /* ContentView.swift */; };
		333FE19F2A4D9335005E7F7A /* Assets.xcassets in Resources */ = {isa = PBXBuildFile; fileRef = 333FE19E2A4D9335005E7F7A /* Assets.xcassets */; };
		333FE1A22A4D9335005E7F7A /* Preview Assets.xcassets in Resources */ = {isa = PBXBuildFile; fileRef = 333FE1A12A4D9335005E7F7A /* Preview Assets.xcassets */; };
		333FE1AC2A4D9335005E7F7A /* demo2Tests.swift in Sources */ = {isa = PBXBuildFile; fileRef = 333FE1AB2A4D9335005E7F7A /* demo2Tests.swift */; };
		333FE1B62A4D9335005E7F7A /* demo2UITests.swift in Sources */ = {isa = PBXBuildFile; fileRef = 333FE1B52A4D9335005E7F7A /* demo2UITests.swift */; };
		333FE1B82A4D9335005E7F7A /* demo2UITestsLaunchTests.swift in Sources */ = {isa = PBXBuildFile; fileRef = 333FE1B72A4D9335005E7F7A /* demo2UITestsLaunchTests.swift */; };
/* End PBXBuildFile section */

/* Begin PBXContainerItemProxy section */
		333FE1A82A4D9335005E7F7A /* PBXContainerItemProxy */ = {
			isa = PBXContainerItemProxy;
			containerPortal = 333FE18F2A4D9333005E7F7A /* Project object */;
			proxyType = 1;
			remoteGlobalIDString = 333FE1962A4D9333005E7F7A;
			remoteInfo = demo2;
		};
		333FE1B22A4D9335005E7F7A /* PBXContainerItemProxy */ = {
			isa = PBXContainerItemProxy;
			containerPortal = 333FE18F2A4D9333005E7F7A /* Project object */;
			proxyType = 1;
			remoteGlobalIDString = 333FE1962A4D9333005E7F7A;
			remoteInfo = demo2;
		};
/* End PBXContainerItemProxy section */

/* Begin PBXFileReference section */
		333FE1972A4D9333005E7F7A /* demo2.app */ = {isa = PBXFileReference; explicitFileType = wrapper.application; includeInIndex = 0; path = demo2.app; sourceTree = BUILT_PRODUCTS_DIR; };
		333FE19A2A4D9333005E7F7A /* demo2App.swift */ = {isa = PBXFileReference; lastKnownFileType = sourcecode.swift; path = demo2App.swift; sourceTree = "<group>"; };
		333FE19C2A4D9333005E7F7A /* ContentView.swift */ = {isa = PBXFileReference; lastKnownFileType = sourcecode.swift; path = ContentView.swift; sourceTree = "<group>"; };
		333FE19E2A4D9335005E7F7A /* Assets.xcassets */ = {isa = PBXFileReference; lastKnownFileType = folder.assetcatalog; path = Assets.xcassets; sourceTree = "<group>"; };
		333FE1A12A4D9335005E7F7A /* Preview Assets.xcassets */ = {isa = PBXFileReference; lastKnownFileType = folder.assetcatalog; path = "Preview Assets.xcassets"; sourceTree = "<group>"; };
		333FE1A72A4D9335005E7F7A /* demo2Tests.xctest */ = {isa = PBXFileReference; explicitFileType = wrapper.cfbundle; includeInIndex = 0; path = demo2Tests.xctest; sourceTree = BUILT_PRODUCTS_DIR; };
		333FE1AB2A4D9335005E7F7A /* demo2Tests.swift */ = {isa = PBXFileReference; lastKnownFileType = sourcecode.swift; path = demo2Tests.swift; sourceTree = "<group>"; };
		333FE1B12A4D9335005E7F7A /* demo2UITests.xctest */ = {isa = PBXFileReference; explicitFileType = wrapper.cfbundle; includeInIndex = 0; path = demo2UITests.xctest; sourceTree = BUILT_PRODUCTS_DIR; };
		333FE1B52A4D9335005E7F7A /* demo2UITests.swift */ = {isa = PBXFileReference; lastKnownFileType = sourcecode.swift; path = demo2UITests.swift; sourceTree = "<group>"; };
		333FE1B72A4D9335005E7F7A /* demo2UITestsLaunchTests.swift */ = {isa = PBXFileReference; lastKnownFileType = sourcecode.swift; path = demo2UITestsLaunchTests.swift; sourceTree = "<group>"; };
/* End PBXFileReference section */

/* Begin PBXFrameworksBuildPhase section */
		333FE1942A4D9333005E7F7A /* Frameworks */ = {
			isa = PBXFrameworksBuildPhase;
			buildActionMask = 2147483647;
			files = (
			);
			runOnlyForDeploymentPostprocessing = 0;
		};
		333FE1A42A4D9335005E7F7A /* Frameworks */ = {
			isa = PBXFrameworksBuildPhase;
			buildActionMask = 2147483647;
			files = (
			);
			runOnlyForDeploymentPostprocessing = 0;
		};
		333FE1AE2A4D9335005E7F7A /* Frameworks */ = {
			isa = PBXFrameworksBuildPhase;
			buildActionMask = 2147483647;
			files = (
			);
			runOnlyForDeploymentPostprocessing = 0;
		};
/* End PBXFrameworksBuildPhase section */

/* Begin PBXGroup section */
		333FE18E2A4D9333005E7F7A = {
			isa = PBXGroup;
			children = (
				333FE1992A4D9333005E7F7A /* demo2 */,
				333FE1AA2A4D9335005E7F7A /* demo2Tests */,
				333FE1B42A4D9335005E7F7A /* demo2UITests */,
				333FE1982A4D9333005E7F7A /* Products */,
			);
			sourceTree = "<group>";
		};
		333FE1982A4D9333005E7F7A /* Products */ = {
			isa = PBXGroup;
			children = (
				333FE1972A4D9333005E7F7A /* demo2.app */,
				333FE1A72A4D9335005E7F7A /* demo2Tests.xctest */,
				333FE1B12A4D9335005E7F7A /* demo2UITests.xctest */,
			);
			name = Products;
			sourceTree = "<group>";
		};
		333FE1992A4D9333005E7F7A /* demo2 */ = {
			isa = PBXGroup;
			children = (
				333FE19A2A4D9333005E7F7A /* demo2App.swift */,
				333FE19C2A4D9333005E7F7A /* ContentView.swift */,
				333FE19E2A4D9335005E7F7A /* Assets.xcassets */,
				333FE1A02A4D9335005E7F7A /* Preview Content */,
			);
			path = demo2;
			sourceTree = "<group>";
		};
		333FE1A02A4D9335005E7F7A /* Preview Content */ = {
			isa = PBXGroup;
			children = (
				333FE1A12A4D9335005E7F7A /* Preview Assets.xcassets */,
			);
			path = "Preview Content";
			sourceTree = "<group>";
		};
		333FE1AA2A4D9335005E7F7A /* demo2Tests */ = {
			isa = PBXGroup;
			children = (
				333FE1AB2A4D9335005E7F7A /* demo2Tests.swift */,
			);
			path = demo2Tests;
			sourceTree = "<group>";
		};
		333FE1B42A4D9335005E7F7A /* demo2UITests */ = {
			isa = PBXGroup;
			children = (
				333FE1B52A4D9335005E7F7A /* demo2UITests.swift */,
				333FE1B72A4D9335005E7F7A /* demo2UITestsLaunchTests.swift */,
			);
			path = demo2UITests;
			sourceTree = "<group>";
		};
/* End PBXGroup section */

/* Begin PBXNativeTarget section */
		333FE1962A4D9333005E7F7A /* demo2 */ = {
			isa = PBXNativeTarget;
			buildConfigurationList = 333FE1BB2A4D9335005E7F7A /* Build configuration list for PBXNativeTarget "demo2" */;
			buildPhases = (
				333FE1932A4D9333005E7F7A /* Sources */,
				333FE1942A4D9333005E7F7A /* Frameworks */,
				333FE1952A4D9333005E7F7A /* Resources */,
			);
			buildRules = (
			);
			dependencies = (
			);
			name = demo2;
			productName = demo2;
			productReference = 333FE1972A4D9333005E7F7A /* demo2.app */;
			productType = "com.apple.product-type.application";
		};
		333FE1A62A4D9335005E7F7A /* demo2Tests */ = {
			isa = PBXNativeTarget;
			buildConfigurationList = 333FE1BE2A4D9335005E7F7A /* Build configuration list for PBXNativeTarget "demo2Tests" */;
			buildPhases = (
				333FE1A32A4D9335005E7F7A /* Sources */,
				333FE1A42A4D9335005E7F7A /* Frameworks */,
				333FE1A52A4D9335005E7F7A /* Resources */,
			);
			buildRules = (
			);
			dependencies = (
				333FE1A92A4D9335005E7F7A /* PBXTargetDependency */,
			);
			name = demo2Tests;
			productName = demo2Tests;
			productReference = 333FE1A72A4D9335005E7F7A /* demo2Tests.xctest */;
			productType = "com.apple.product-type.bundle.unit-test";
		};
		333FE1B02A4D9335005E7F7A /* demo2UITests */ = {
			isa = PBXNativeTarget;
			buildConfigurationList = 333FE1C12A4D9335005E7F7A /* Build configuration list for PBXNativeTarget "demo2UITests" */;
			buildPhases = (
				333FE1AD2A4D9335005E7F7A /* Sources */,
				333FE1AE2A4D9335005E7F7A /* Frameworks */,
				333FE1AF2A4D9335005E7F7A /* Resources */,
			);
			buildRules = (
			);
			dependencies = (
				333FE1B32A4D9335005E7F7A /* PBXTargetDependency */,
			);
			name = demo2UITests;
			productName = demo2UITests;
			productReference = 333FE1B12A4D9335005E7F7A /* demo2UITests.xctest */;
			productType = "com.apple.product-type.bundle.ui-testing";
		};
/* End PBXNativeTarget section */

/* Begin PBXProject section */
		333FE18F2A4D9333005E7F7A /* Project object */ = {
			isa = PBXProject;
			attributes = {
				BuildIndependentTargetsInParallel = 1;
				LastSwiftUpdateCheck = 1430;
				LastUpgradeCheck = 1430;
				TargetAttributes = {
					333FE1962A4D9333005E7F7A = {
						CreatedOnToolsVersion = 14.3.1;
					};
					333FE1A62A4D9335005E7F7A = {
						CreatedOnToolsVersion = 14.3.1;
						TestTargetID = 333FE1962A4D9333005E7F7A;
					};
					333FE1B02A4D9335005E7F7A = {
						CreatedOnToolsVersion = 14.3.1;
						TestTargetID = 333FE1962A4D9333005E7F7A;
					};
				};
			};
			buildConfigurationList = 333FE1922A4D9333005E7F7A /* Build configuration list for PBXProject "demo2" */;
			compatibilityVersion = "Xcode 14.0";
			developmentRegion = en;
			hasScannedForEncodings = 0;
			knownRegions = (
				en,
				Base,
			);
			mainGroup = 333FE18E2A4D9333005E7F7A;
			productRefGroup = 333FE1982A4D9333005E7F7A /* Products */;
			projectDirPath = "";
			projectRoot = "";
			targets = (
				333FE1962A4D9333005E7F7A /* demo2 */,
				333FE1A62A4D9335005E7F7A /* demo2Tests */,
				333FE1B02A4D9335005E7F7A /* demo2UITests */,
			);
		};
/* End PBXProject section */

/* Begin PBXResourcesBuildPhase section */
		333FE1952A4D9333005E7F7A /* Resources */ = {
			isa = PBXResourcesBuildPhase;
			buildActionMask = 2147483647;
			files = (
				333FE1A22A4D9335005E7F7A /* Preview Assets.xcassets in Resources */,
				333FE19F2A4D9335005E7F7A /* Assets.xcassets in Resources */,
			);
			runOnlyForDeploymentPostprocessing = 0;
		};
		333FE1A52A4D9335005E7F7A /* Resources */ = {
			isa = PBXResourcesBuildPhase;
			buildActionMask = 2147483647;
			files = (
			);
			runOnlyForDeploymentPostprocessing = 0;
		};
		333FE1AF2A4D9335005E7F7A /* Resources */ = {
			isa = PBXResourcesBuildPhase;
			buildActionMask = 2147483647;
			files = (
			);
			runOnlyForDeploymentPostprocessing = 0;
		};
/* End PBXResourcesBuildPhase section */

/* Begin PBXSourcesBuildPhase section */
		333FE1932A4D9333005E7F7A /* Sources */ = {
			isa = PBXSourcesBuildPhase;
			buildActionMask = 2147483647;
			files = (
				333FE19D2A4D9333005E7F7A /* ContentView.swift in Sources */,
				333FE19B2A4D9333005E7F7A /* demo2App.swift in Sources */,
			);
			runOnlyForDeploymentPostprocessing = 0;
		};
		333FE1A32A4D9335005E7F7A /* Sources */ = {
			isa = PBXSourcesBuildPhase;
			buildActionMask = 2147483647;
			files = (
				333FE1AC2A4D9335005E7F7A /* demo2Tests.swift in Sources */,
			);
			runOnlyForDeploymentPostprocessing = 0;
		};
		333FE1AD2A4D9335005E7F7A /* Sources */ = {
			isa = PBXSourcesBuildPhase;
			buildActionMask = 2147483647;
			files = (
				333FE1B82A4D9335005E7F7A /* demo2UITestsLaunchTests.swift in Sources */,
				333FE1B62A4D9335005E7F7A /* demo2UITests.swift in Sources */,
			);
			runOnlyForDeploymentPostprocessing = 0;
		};
/* End PBXSourcesBuildPhase section */

/* Begin PBXTargetDependency section */
		333FE1A92A4D9335005E7F7A /* PBXTargetDependency */ = {
			isa = PBXTargetDependency;
			target = 333FE1962A4D9333005E7F7A /* demo2 */;
			targetProxy = 333FE1A82A4D9335005E7F7A /* PBXContainerItemProxy */;
		};
		333FE1B32A4D9335005E7F7A /* PBXTargetDependency */ = {
			isa = PBXTargetDependency;
			target = 333FE1962A4D9333005E7F7A /* demo2 */;
			targetProxy = 333FE1B22A4D9335005E7F7A /* PBXContainerItemProxy */;
		};
/* End PBXTargetDependency section */

/* Begin XCBuildConfiguration section */
		333FE1B92A4D9335005E7F7A /* Debug */ = {
			isa = XCBuildConfiguration;
			buildSettings = {
				ALWAYS_SEARCH_USER_PATHS = NO;
				CLANG_ANALYZER_NONNULL = YES;
				CLANG_ANALYZER_NUMBER_OBJECT_CONVERSION = YES_AGGRESSIVE;
				CLANG_CXX_LANGUAGE_STANDARD = "gnu++20";
				CLANG_ENABLE_MODULES = YES;
				CLANG_ENABLE_OBJC_ARC = YES;
				CLANG_ENABLE_OBJC_WEAK = YES;
				CLANG_WARN_BLOCK_CAPTURE_AUTORELEASING = YES;
				CLANG_WARN_BOOL_CONVERSION = YES;
				CLANG_WARN_COMMA = YES;
				CLANG_WARN_CONSTANT_CONVERSION = YES;
				CLANG_WARN_DEPRECATED_OBJC_IMPLEMENTATIONS = YES;
				CLANG_WARN_DIRECT_OBJC_ISA_USAGE = YES_ERROR;
				CLANG_WARN_DOCUMENTATION_COMMENTS = YES;
				CLANG_WARN_EMPTY_BODY = YES;
				CLANG_WARN_ENUM_CONVERSION = YES;
				CLANG_WARN_INFINITE_RECURSION = YES;
				CLANG_WARN_INT_CONVERSION = YES;
				CLANG_WARN_NON_LITERAL_NULL_CONVERSION = YES;
				CLANG_WARN_OBJC_IMPLICIT_RETAIN_SELF = YES;
				CLANG_WARN_OBJC_LITERAL_CONVERSION = YES;
				CLANG_WARN_OBJC_ROOT_CLASS = YES_ERROR;
				CLANG_WARN_QUOTED_INCLUDE_IN_FRAMEWORK_HEADER = YES;
				CLANG_WARN_RANGE_LOOP_ANALYSIS = YES;
				CLANG_WARN_STRICT_PROTOTYPES = YES;
				CLANG_WARN_SUSPICIOUS_MOVE = YES;
				CLANG_WARN_UNGUARDED_AVAILABILITY = YES_AGGRESSIVE;
				CLANG_WARN_UNREACHABLE_CODE = YES;
				CLANG_WARN__DUPLICATE_METHOD_MATCH = YES;
				COPY_PHASE_STRIP = NO;
				DEBUG_INFORMATION_FORMAT = dwarf;
				ENABLE_STRICT_OBJC_MSGSEND = YES;
				ENABLE_TESTABILITY = YES;
				GCC_C_LANGUAGE_STANDARD = gnu11;
				GCC_DYNAMIC_NO_PIC = NO;
				GCC_NO_COMMON_BLOCKS = YES;
				GCC_OPTIMIZATION_LEVEL = 0;
				GCC_PREPROCESSOR_DEFINITIONS = (
					"DEBUG=1",
					"$(inherited)",
				);
				GCC_WARN_64_TO_32_BIT_CONVERSION = YES;
				GCC_WARN_ABOUT_RETURN_TYPE = YES_ERROR;
				GCC_WARN_UNDECLARED_SELECTOR = YES;
				GCC_WARN_UNINITIALIZED_AUTOS = YES_AGGRESSIVE;
				GCC_WARN_UNUSED_FUNCTION = YES;
				GCC_WARN_UNUSED_VARIABLE = YES;
				IPHONEOS_DEPLOYMENT_TARGET = 16.4;
				MTL_ENABLE_DEBUG_INFO = INCLUDE_SOURCE;
				MTL_FAST_MATH = YES;
				ONLY_ACTIVE_ARCH = YES;
				SDKROOT = iphoneos;
				SWIFT_ACTIVE_COMPILATION_CONDITIONS = DEBUG;
				SWIFT_OPTIMIZATION_LEVEL = "-Onone";
			};
			name = Debug;
		};
		333FE1BA2A4D9335005E7F7A /* Release */ = {
			isa = XCBuildConfiguration;
			buildSettings = {
				ALWAYS_SEARCH_USER_PATHS = NO;
				CLANG_ANALYZER_NONNULL = YES;
				CLANG_ANALYZER_NUMBER_OBJECT_CONVERSION = YES_AGGRESSIVE;
				CLANG_CXX_LANGUAGE_STANDARD = "gnu++20";
				CLANG_ENABLE_MODULES = YES;
				CLANG_ENABLE_OBJC_ARC = YES;
				CLANG_ENABLE_OBJC_WEAK = YES;
				CLANG_WARN_BLOCK_CAPTURE_AUTORELEASING = YES;
				CLANG_WARN_BOOL_CONVERSION = YES;
				CLANG_WARN_COMMA = YES;
				CLANG_WARN_CONSTANT_CONVERSION = YES;
				CLANG_WARN_DEPRECATED_OBJC_IMPLEMENTATIONS = YES;
				CLANG_WARN_DIRECT_OBJC_ISA_USAGE = YES_ERROR;
				CLANG_WARN_DOCUMENTATION_COMMENTS = YES;
				CLANG_WARN_EMPTY_BODY = YES;
				CLANG_WARN_ENUM_CONVERSION = YES;
				CLANG_WARN_INFINITE_RECURSION = YES;
				CLANG_WARN_INT_CONVERSION = YES;
				CLANG_WARN_NON_LITERAL_NULL_CONVERSION = YES;
				CLANG_WARN_OBJC_IMPLICIT_RETAIN_SELF = YES;
				CLANG_WARN_OBJC_LITERAL_CONVERSION = YES;
				CLANG_WARN_OBJC_ROOT_CLASS = YES_ERROR;
				CLANG_WARN_QUOTED_INCLUDE_IN_FRAMEWORK_HEADER = YES;
				CLANG_WARN_RANGE_LOOP_ANALYSIS = YES;
				CLANG_WARN_STRICT_PROTOTYPES = YES;
				CLANG_WARN_SUSPICIOUS_MOVE = YES;
				CLANG_WARN_UNGUARDED_AVAILABILITY = YES_AGGRESSIVE;
				CLANG_WARN_UNREACHABLE_CODE = YES;
				CLANG_WARN__DUPLICATE_METHOD_MATCH = YES;
				COPY_PHASE_STRIP = NO;
				DEBUG_INFORMATION_FORMAT = "dwarf-with-dsym";
				ENABLE_NS_ASSERTIONS = NO;
				ENABLE_STRICT_OBJC_MSGSEND = YES;
				GCC_C_LANGUAGE_STANDARD = gnu11;
				GCC_NO_COMMON_BLOCKS = YES;
				GCC_WARN_64_TO_32_BIT_CONVERSION = YES;
				GCC_WARN_ABOUT_RETURN_TYPE = YES_ERROR;
				GCC_WARN_UNDECLARED_SELECTOR = YES;
				GCC_WARN_UNINITIALIZED_AUTOS = YES_AGGRESSIVE;
				GCC_WARN_UNUSED_FUNCTION = YES;
				GCC_WARN_UNUSED_VARIABLE = YES;
				IPHONEOS_DEPLOYMENT_TARGET = 16.4;
				MTL_ENABLE_DEBUG_INFO = NO;
				MTL_FAST_MATH = YES;
				SDKROOT = iphoneos;
				SWIFT_COMPILATION_MODE = wholemodule;
				SWIFT_OPTIMIZATION_LEVEL = "-O";
				VALIDATE_PRODUCT = YES;
			};
			name = Release;
		};
		333FE1BC2A4D9335005E7F7A /* Debug */ = {
			isa = XCBuildConfiguration;
			buildSettings = {
				ASSETCATALOG_COMPILER_APPICON_NAME = AppIcon;
				ASSETCATALOG_COMPILER_GLOBAL_ACCENT_COLOR_NAME = AccentColor;
				CODE_SIGN_STYLE = Automatic;
				CURRENT_PROJECT_VERSION = 1;
				DEVELOPMENT_ASSET_PATHS = "\"demo2/Preview Content\"";
				ENABLE_PREVIEWS = YES;
				GENERATE_INFOPLIST_FILE = YES;
				INFOPLIST_KEY_UIApplicationSceneManifest_Generation = YES;
				INFOPLIST_KEY_UIApplicationSupportsIndirectInputEvents = YES;
				INFOPLIST_KEY_UILaunchScreen_Generation = YES;
				INFOPLIST_KEY_UISupportedInterfaceOrientations_iPad = "UIInterfaceOrientationPortrait UIInterfaceOrientationPortraitUpsideDown UIInterfaceOrientationLandscapeLeft UIInterfaceOrientationLandscapeRight";
				INFOPLIST_KEY_UISupportedInterfaceOrientations_iPhone = "UIInterfaceOrientationPortrait UIInterfaceOrientationLandscapeLeft UIInterfaceOrientationLandscapeRight";
				LD_RUNPATH_SEARCH_PATHS = (
					"$(inherited)",
					"@executable_path/Frameworks",
				);
				MARKETING_VERSION = 1.0;
				PRODUCT_BUNDLE_IDENTIFIER = self.demo2;
				PRODUCT_NAME = "$(TARGET_NAME)";
				SWIFT_EMIT_LOC_STRINGS = YES;
				SWIFT_VERSION = 5.0;
				TARGETED_DEVICE_FAMILY = "1,2";
			};
			name = Debug;
		};
		333FE1BD2A4D9335005E7F7A /* Release */ = {
			isa = XCBuildConfiguration;
			buildSettings = {
				ASSETCATALOG_COMPILER_APPICON_NAME = AppIcon;
				ASSETCATALOG_COMPILER_GLOBAL_ACCENT_COLOR_NAME = AccentColor;
				CODE_SIGN_STYLE = Automatic;
				CURRENT_PROJECT_VERSION = 1;
				DEVELOPMENT_ASSET_PATHS = "\"demo2/Preview Content\"";
				ENABLE_PREVIEWS = YES;
				GENERATE_INFOPLIST_FILE = YES;
				INFOPLIST_KEY_UIApplicationSceneManifest_Generation = YES;
				INFOPLIST_KEY_UIApplicationSupportsIndirectInputEvents = YES;
				INFOPLIST_KEY_UILaunchScreen_Generation = YES;
				INFOPLIST_KEY_UISupportedInterfaceOrientations_iPad = "UIInterfaceOrientationPortrait UIInterfaceOrientationPortraitUpsideDown UIInterfaceOrientationLandscapeLeft UIInterfaceOrientationLandscapeRight";
				INFOPLIST_KEY_UISupportedInterfaceOrientations_iPhone = "UIInterfaceOrientationPortrait UIInterfaceOrientationLandscapeLeft UIInterfaceOrientationLandscapeRight";
				LD_RUNPATH_SEARCH_PATHS = (
					"$(inherited)",
					"@executable_path/Frameworks",
				);
				MARKETING_VERSION = 1.0;
				PRODUCT_BUNDLE_IDENTIFIER = self.demo2;
				PRODUCT_NAME = "$(TARGET_NAME)";
				SWIFT_EMIT_LOC_STRINGS = YES;
				SWIFT_VERSION = 5.0;
				TARGETED_DEVICE_FAMILY = "1,2";
			};
			name = Release;
		};
		333FE1BF2A4D9335005E7F7A /* Debug */ = {
			isa = XCBuildConfiguration;
			buildSettings = {
				ALWAYS_EMBED_SWIFT_STANDARD_LIBRARIES = YES;
				BUNDLE_LOADER = "$(TEST_HOST)";
				CODE_SIGN_STYLE = Automatic;
				CURRENT_PROJECT_VERSION = 1;
				GENERATE_INFOPLIST_FILE = YES;
				IPHONEOS_DEPLOYMENT_TARGET = 16.4;
				MARKETING_VERSION = 1.0;
				PRODUCT_BUNDLE_IDENTIFIER = self.demo2Tests;
				PRODUCT_NAME = "$(TARGET_NAME)";
				SWIFT_EMIT_LOC_STRINGS = NO;
				SWIFT_VERSION = 5.0;
				TARGETED_DEVICE_FAMILY = "1,2";
				TEST_HOST = "$(BUILT_PRODUCTS_DIR)/demo2.app/$(BUNDLE_EXECUTABLE_FOLDER_PATH)/demo2";
			};
			name = Debug;
		};
		333FE1C02A4D9335005E7F7A /* Release */ = {
			isa = XCBuildConfiguration;
			buildSettings = {
				ALWAYS_EMBED_SWIFT_STANDARD_LIBRARIES = YES;
				BUNDLE_LOADER = "$(TEST_HOST)";
				CODE_SIGN_STYLE = Automatic;
				CURRENT_PROJECT_VERSION = 1;
				GENERATE_INFOPLIST_FILE = YES;
				IPHONEOS_DEPLOYMENT_TARGET = 16.4;
				MARKETING_VERSION = 1.0;
				PRODUCT_BUNDLE_IDENTIFIER = self.demo2Tests;
				PRODUCT_NAME = "$(TARGET_NAME)";
				SWIFT_EMIT_LOC_STRINGS = NO;
				SWIFT_VERSION = 5.0;
				TARGETED_DEVICE_FAMILY = "1,2";
				TEST_HOST = "$(BUILT_PRODUCTS_DIR)/demo2.app/$(BUNDLE_EXECUTABLE_FOLDER_PATH)/demo2";
			};
			name = Release;
		};
		333FE1C22A4D9335005E7F7A /* Debug */ = {
			isa = XCBuildConfiguration;
			buildSettings = {
				ALWAYS_EMBED_SWIFT_STANDARD_LIBRARIES = YES;
				CODE_SIGN_STYLE = Automatic;
				CURRENT_PROJECT_VERSION = 1;
				GENERATE_INFOPLIST_FILE = YES;
				MARKETING_VERSION = 1.0;
				PRODUCT_BUNDLE_IDENTIFIER = self.demo2UITests;
				PRODUCT_NAME = "$(TARGET_NAME)";
				SWIFT_EMIT_LOC_STRINGS = NO;
				SWIFT_VERSION = 5.0;
				TARGETED_DEVICE_FAMILY = "1,2";
				TEST_TARGET_NAME = demo2;
			};
			name = Debug;
		};
		333FE1C32A4D9335005E7F7A /* Release */ = {
			isa = XCBuildConfiguration;
			buildSettings = {
				ALWAYS_EMBED_SWIFT_STANDARD_LIBRARIES = YES;
				CODE_SIGN_STYLE = Automatic;
				CURRENT_PROJECT_VERSION = 1;
				GENERATE_INFOPLIST_FILE = YES;
				MARKETING_VERSION = 1.0;
				PRODUCT_BUNDLE_IDENTIFIER = self.demo2UITests;
				PRODUCT_NAME = "$(TARGET_NAME)";
				SWIFT_EMIT_LOC_STRINGS = NO;
				SWIFT_VERSION = 5.0;
				TARGETED_DEVICE_FAMILY = "1,2";
				TEST_TARGET_NAME = demo2;
			};
			name = Release;
		};
/* End XCBuildConfiguration section */

/* Begin XCConfigurationList section */
		333FE1922A4D9333005E7F7A /* Build configuration list for PBXProject "demo2" */ = {
			isa = XCConfigurationList;
			buildConfigurations = (
				333FE1B92A4D9335005E7F7A /* Debug */,
				333FE1BA2A4D9335005E7F7A /* Release */,
			);
			defaultConfigurationIsVisible = 0;
			defaultConfigurationName = Release;
		};
		333FE1BB2A4D9335005E7F7A /* Build configuration list for PBXNativeTarget "demo2" */ = {
			isa = XCConfigurationList;
			buildConfigurations = (
				333FE1BC2A4D9335005E7F7A /* Debug */,
				333FE1BD2A4D9335005E7F7A /* Release */,
			);
			defaultConfigurationIsVisible = 0;
			defaultConfigurationName = Release;
		};
		333FE1BE2A4D9335005E7F7A /* Build configuration list for PBXNativeTarget "demo2Tests" */ = {
			isa = XCConfigurationList;
			buildConfigurations = (
				333FE1BF2A4D9335005E7F7A /* Debug */,
				333FE1C02A4D9335005E7F7A /* Release */,
			);
			defaultConfigurationIsVisible = 0;
			defaultConfigurationName = Release;
		};
		333FE1C12A4D9335005E7F7A /* Build configuration list for PBXNativeTarget "demo2UITests" */ = {
			isa = XCConfigurationList;
			buildConfigurations = (
				333FE1C22A4D9335005E7F7A /* Debug */,
				333FE1C32A4D9335005E7F7A /* Release */,
			);
			defaultConfigurationIsVisible = 0;
			defaultConfigurationName = Release;
		};
/* End XCConfigurationList section */
	};
	rootObject = 333FE18F2A4D9333005E7F7A /* Project object */;
}
